
Microsoft Visual Studio Solution File, Format Version 12.00
# Visual Studio Version 18
VisualStudioVersion = 18.4.11626.88
MinimumVisualStudioVersion = 10.0.40219.1
Project("{9A19103F-16F7-4668-BE54-9A1E7A4F7556}") = "NetAF", "NetAF\NetAF.csproj", "{946C11CF-A08C-4AC8-8508-BE95AE0B2225}"
EndProject
Project("{9A19103F-16F7-4668-BE54-9A1E7A4F7556}") = "NetAF.Tests", "NetAF.Tests\NetAF.Tests.csproj", "{169B1AA8-A051-4A95-89A3-06B911F4715C}"
EndProject
Project("{9A19103F-16F7-4668-BE54-9A1E7A4F7556}") = "NetAF.Example.Console", "NetAF.Example.Console\NetAF.Example.Console.csproj", "{84375499-E837-4A3A-8737-C422F2444A97}"
EndProject
Project("{FAE04EC0-301F-11D3-BF4B-00C04F79EFBC}") = "NetAF.Example", "NetAF.Example\NetAF.Example.csproj", "{1BD2EE02-8FF6-4FC0-8AD4-26D1E77BE8CB}"
EndProject
Project("{FAE04EC0-301F-11D3-BF4B-00C04F79EFBC}") = "NetAF.Example.Blazor", "NetAF.Example.Blazor\NetAF.Example.Blazor.csproj", "{57996E0E-EC3A-4A0B-936E-050D54681BFA}"
EndProject
Project("{FAE04EC0-301F-11D3-BF4B-00C04F79EFBC}") = "NetAF.Example.WPF", "NetAF.Example.WPF\NetAF.Example.WPF.csproj", "{9C2108B2-6D88-4E45-AC39-EE683A547C74}"
EndProject
Project("{FAE04EC0-301F-11D3-BF4B-00C04F79EFBC}") = "NetAF.MyGame.Console", "ConsoleGame\NetAF.MyGame.Console.csproj", "{77C6E956-0477-4CA6-829D-4F4377D6B45E}"
EndProject
Project("{FAE04EC0-301F-11D3-BF4B-00C04F79EFBC}") = "NetAF.MyGame", "NetAF.Game\NetAF.MyGame.csproj", "{7D586306-0EDA-4896-9DAD-F1902C94607E}"
EndProject
Project("{FAE04EC0-301F-11D3-BF4B-00C04F79EFBC}") = "NetAF.Game.Tests", "NetAF.Game.Tests\NetAF.Game.Tests.csproj", "{FDA188C1-3BEC-412B-8B0D-D6F40CDA130D}"
EndProject
Project("{2150E333-8FDC-42A3-9474-1A3956D46DE8}") = "NetAF.Game", "NetAF.Game", "{5783115B-0605-2F6A-252D-3BE177A6AEA1}"
EndProject
Project("{2150E333-8FDC-42A3-9474-1A3956D46DE8}") = "tools", "tools", "{07C2787E-EAC7-C090-1BA3-A61EC2A24D84}"
EndProject
Project("{2150E333-8FDC-42A3-9474-1A3956D46DE8}") = "nodemap", "nodemap", "{F9192FBB-5816-9A24-F957-ECAC297676D9}"
EndProject
Project("{FAE04EC0-301F-11D3-BF4B-00C04F79EFBC}") = "NodeMapExporter", "tools\nodemap\NodeMapExporter\NodeMapExporter.csproj", "{ADA0C84C-C970-4B0A-A345-03AFCB634776}"
EndProject
Global
	GlobalSection(SolutionConfigurationPlatforms) = preSolution
		Debug|Any CPU = Debug|Any CPU
		Debug|x64 = Debug|x64
		Debug|x86 = Debug|x86
		Release|Any CPU = Release|Any CPU
		Release|x64 = Release|x64
		Release|x86 = Release|x86
	EndGlobalSection
	GlobalSection(ProjectConfigurationPlatforms) = postSolution
		{946C11CF-A08C-4AC8-8508-BE95AE0B2225}.Debug|Any CPU.ActiveCfg = Debug|Any CPU
		{946C11CF-A08C-4AC8-8508-BE95AE0B2225}.Debug|Any CPU.Build.0 = Debug|Any CPU
		{946C11CF-A08C-4AC8-8508-BE95AE0B2225}.Debug|x64.ActiveCfg = Debug|Any CPU
		{946C11CF-A08C-4AC8-8508-BE95AE0B2225}.Debug|x64.Build.0 = Debug|Any CPU
		{946C11CF-A08C-4AC8-8508-BE95AE0B2225}.Debug|x86.ActiveCfg = Debug|Any CPU
		{946C11CF-A08C-4AC8-8508-BE95AE0B2225}.Debug|x86.Build.0 = Debug|Any CPU
		{946C11CF-A08C-4AC8-8508-BE95AE0B2225}.Release|Any CPU.ActiveCfg = Release|Any CPU
		{946C11CF-A08C-4AC8-8508-BE95AE0B2225}.Release|Any CPU.Build.0 = Release|Any CPU
		{946C11CF-A08C-4AC8-8508-BE95AE0B2225}.Release|x64.ActiveCfg = Release|Any CPU
		{946C11CF-A08C-4AC8-8508-BE95AE0B2225}.Release|x64.Build.0 = Release|Any CPU
		{946C11CF-A08C-4AC8-8508-BE95AE0B2225}.Release|x86.ActiveCfg = Release|Any CPU
		{946C11CF-A08C-4AC8-8508-BE95AE0B2225}.Release|x86.Build.0 = Release|Any CPU
		{169B1AA8-A051-4A95-89A3-06B911F4715C}.Debug|Any CPU.ActiveCfg = Debug|Any CPU
		{169B1AA8-A051-4A95-89A3-06B911F4715C}.Debug|Any CPU.Build.0 = Debug|Any CPU
		{169B1AA8-A051-4A95-89A3-06B911F4715C}.Debug|x64.ActiveCfg = Debug|Any CPU
		{169B1AA8-A051-4A95-89A3-06B911F4715C}.Debug|x64.Build.0 = Debug|Any CPU
		{169B1AA8-A051-4A95-89A3-06B911F4715C}.Debug|x86.ActiveCfg = Debug|Any CPU
		{169B1AA8-A051-4A95-89A3-06B911F4715C}.Debug|x86.Build.0 = Debug|Any CPU
		{169B1AA8-A051-4A95-89A3-06B911F4715C}.Release|Any CPU.ActiveCfg = Release|Any CPU
		{169B1AA8-A051-4A95-89A3-06B911F4715C}.Release|Any CPU.Build.0 = Release|Any CPU
		{169B1AA8-A051-4A95-89A3-06B911F4715C}.Release|x64.ActiveCfg = Release|Any CPU
		{169B1AA8-A051-4A95-89A3-06B911F4715C}.Release|x64.Build.0 = Release|Any CPU
		{169B1AA8-A051-4A95-89A3-06B911F4715C}.Release|x86.ActiveCfg = Release|Any CPU
		{169B1AA8-A051-4A95-89A3-06B911F4715C}.Release|x86.Build.0 = Release|Any CPU
		{84375499-E837-4A3A-8737-C422F2444A97}.Debug|Any CPU.ActiveCfg = Debug|Any CPU
		{84375499-E837-4A3A-8737-C422F2444A97}.Debug|Any CPU.Build.0 = Debug|Any CPU
		{84375499-E837-4A3A-8737-C422F2444A97}.Debug|x64.ActiveCfg = Debug|Any CPU
		{84375499-E837-4A3A-8737-C422F2444A97}.Debug|x64.Build.0 = Debug|Any CPU
		{84375499-E837-4A3A-8737-C422F2444A97}.Debug|x86.ActiveCfg = Debug|Any CPU
		{84375499-E837-4A3A-8737-C422F2444A97}.Debug|x86.Build.0 = Debug|Any CPU
		{84375499-E837-4A3A-8737-C422F2444A97}.Release|Any CPU.ActiveCfg = Release|Any CPU
		{84375499-E837-4A3A-8737-C422F2444A97}.Release|Any CPU.Build.0 = Release|Any CPU
		{84375499-E837-4A3A-8737-C422F2444A97}.Release|x64.ActiveCfg = Release|Any CPU
		{84375499-E837-4A3A-8737-C422F2444A97}.Release|x64.Build.0 = Release|Any CPU
		{84375499-E837-4A3A-8737-C422F2444A97}.Release|x86.ActiveCfg = Release|Any CPU
		{84375499-E837-4A3A-8737-C422F2444A97}.Release|x86.Build.0 = Release|Any CPU
		{1BD2EE02-8FF6-4FC0-8AD4-26D1E77BE8CB}.Debug|Any CPU.ActiveCfg = Debug|Any CPU
		{1BD2EE02-8FF6-4FC0-8AD4-26D1E77BE8CB}.Debug|Any CPU.Build.0 = Debug|Any CPU
		{1BD2EE02-8FF6-4FC0-8AD4-26D1E77BE8CB}.Debug|x64.ActiveCfg = Debug|Any CPU
		{1BD2EE02-8FF6-4FC0-8AD4-26D1E77BE8CB}.Debug|x64.Build.0 = Debug|Any CPU
		{1BD2EE02-8FF6-4FC0-8AD4-26D1E77BE8CB}.Debug|x86.ActiveCfg = Debug|Any CPU
		{1BD2EE02-8FF6-4FC0-8AD4-26D1E77BE8CB}.Debug|x86.Build.0 = Debug|Any CPU
		{1BD2EE02-8FF6-4FC0-8AD4-26D1E77BE8CB}.Release|Any CPU.ActiveCfg = Release|Any CPU
		{1BD2EE02-8FF6-4FC0-8AD4-26D1E77BE8CB}.Release|Any CPU.Build.0 = Release|Any CPU
		{1BD2EE02-8FF6-4FC0-8AD4-26D1E77BE8CB}.Release|x64.ActiveCfg = Release|Any CPU
		{1BD2EE02-8FF6-4FC0-8AD4-26D1E77BE8CB}.Release|x64.Build.0 = Release|Any CPU
		{1BD2EE02-8FF6-4FC0-8AD4-26D1E77BE8CB}.Release|x86.ActiveCfg = Release|Any CPU
		{1BD2EE02-8FF6-4FC0-8AD4-26D1E77BE8CB}.Release|x86.Build.0 = Release|Any CPU
		{57996E0E-EC3A-4A0B-936E-050D54681BFA}.Debug|Any CPU.ActiveCfg = Debug|Any CPU
		{57996E0E-EC3A-4A0B-936E-050D54681BFA}.Debug|Any CPU.Build.0 = Debug|Any CPU
		{57996E0E-EC3A-4A0B-936E-050D54681BFA}.Debug|x64.ActiveCfg = Debug|Any CPU
		{57996E0E-EC3A-4A0B-936E-050D54681BFA}.Debug|x64.Build.0 = Debug|Any CPU
		{57996E0E-EC3A-4A0B-936E-050D54681BFA}.Debug|x86.ActiveCfg = Debug|Any CPU
		{57996E0E-EC3A-4A0B-936E-050D54681BFA}.Debug|x86.Build.0 = Debug|Any CPU
		{57996E0E-EC3A-4A0B-936E-050D54681BFA}.Release|Any CPU.ActiveCfg = Release|Any CPU
		{57996E0E-EC3A-4A0B-936E-050D54681BFA}.Release|Any CPU.Build.0 = Release|Any CPU
		{57996E0E-EC3A-4A0B-936E-050D54681BFA}.Release|x64.ActiveCfg = Release|Any CPU
		{57996E0E-EC3A-4A0B-936E-050D54681BFA}.Release|x64.Build.0 = Release|Any CPU
		{57996E0E-EC3A-4A0B-936E-050D54681BFA}.Release|x86.ActiveCfg = Release|Any CPU
		{57996E0E-EC3A-4A0B-936E-050D54681BFA}.Release|x86.Build.0 = Release|Any CPU
		{9C2108B2-6D88-4E45-AC39-EE683A547C74}.Debug|Any CPU.ActiveCfg = Debug|Any CPU
		{9C2108B2-6D88-4E45-AC39-EE683A547C74}.Debug|Any CPU.Build.0 = Debug|Any CPU
		{9C2108B2-6D88-4E45-AC39-EE683A547C74}.Debug|x64.ActiveCfg = Debug|Any CPU
		{9C2108B2-6D88-4E45-AC39-EE683A547C74}.Debug|x64.Build.0 = Debug|Any CPU
		{9C2108B2-6D88-4E45-AC39-EE683A547C74}.Debug|x86.ActiveCfg = Debug|Any CPU
		{9C2108B2-6D88-4E45-AC39-EE683A547C74}.Debug|x86.Build.0 = Debug|Any CPU
		{9C2108B2-6D88-4E45-AC39-EE683A547C74}.Release|Any CPU.ActiveCfg = Release|Any CPU
		{9C2108B2-6D88-4E45-AC39-EE683A547C74}.Release|Any CPU.Build.0 = Release|Any CPU
		{9C2108B2-6D88-4E45-AC39-EE683A547C74}.Release|x64.ActiveCfg = Release|Any CPU
		{9C2108B2-6D88-4E45-AC39-EE683A547C74}.Release|x64.Build.0 = Release|Any CPU
		{9C2108B2-6D88-4E45-AC39-EE683A547C74}.Release|x86.ActiveCfg = Release|Any CPU
		{9C2108B2-6D88-4E45-AC39-EE683A547C74}.Release|x86.Build.0 = Release|Any CPU
		{77C6E956-0477-4CA6-829D-4F4377D6B45E}.Debug|Any CPU.ActiveCfg = Debug|Any CPU
		{77C6E956-0477-4CA6-829D-4F4377D6B45E}.Debug|Any CPU.Build.0 = Debug|Any CPU
		{77C6E956-0477-4CA6-829D-4F4377D6B45E}.Debug|x64.ActiveCfg = Debug|Any CPU
		{77C6E956-0477-4CA6-829D-4F4377D6B45E}.Debug|x64.Build.0 = Debug|Any CPU
		{77C6E956-0477-4CA6-829D-4F4377D6B45E}.Debug|x86.ActiveCfg = Debug|Any CPU
		{77C6E956-0477-4CA6-829D-4F4377D6B45E}.Debug|x86.Build.0 = Debug|Any CPU
		{77C6E956-0477-4CA6-829D-4F4377D6B45E}.Release|Any CPU.ActiveCfg = Release|Any CPU
		{77C6E956-0477-4CA6-829D-4F4377D6B45E}.Release|Any CPU.Build.0 = Release|Any CPU
		{77C6E956-0477-4CA6-829D-4F4377D6B45E}.Release|x64.ActiveCfg = Release|Any CPU
		{77C6E956-0477-4CA6-829D-4F4377D6B45E}.Release|x64.Build.0 = Release|Any CPU
		{77C6E956-0477-4CA6-829D-4F4377D6B45E}.Release|x86.ActiveCfg = Release|Any CPU
		{77C6E956-0477-4CA6-829D-4F4377D6B45E}.Release|x86.Build.0 = Release|Any CPU
		{7D586306-0EDA-4896-9DAD-F1902C94607E}.Debug|Any CPU.ActiveCfg = Debug|Any CPU
		{7D586306-0EDA-4896-9DAD-F1902C94607E}.Debug|Any CPU.Build.0 = Debug|Any CPU
		{7D586306-0EDA-4896-9DAD-F1902C94607E}.Debug|x64.ActiveCfg = Debug|Any CPU
		{7D586306-0EDA-4896-9DAD-F1902C94607E}.Debug|x64.Build.0 = Debug|Any CPU
		{7D586306-0EDA-4896-9DAD-F1902C94607E}.Debug|x86.ActiveCfg = Debug|Any CPU
		{7D586306-0EDA-4896-9DAD-F1902C94607E}.Debug|x86.Build.0 = Debug|Any CPU
		{7D586306-0EDA-4896-9DAD-F1902C94607E}.Release|Any CPU.ActiveCfg = Release|Any CPU
		{7D586306-0EDA-4896-9DAD-F1902C94607E}.Release|Any CPU.Build.0 = Release|Any CPU
		{7D586306-0EDA-4896-9DAD-F1902C94607E}.Release|x64.ActiveCfg = Release|Any CPU
		{7D586306-0EDA-4896-9DAD-F1902C94607E}.Release|x64.Build.0 = Release|Any CPU
		{7D586306-0EDA-4896-9DAD-F1902C94607E}.Release|x86.ActiveCfg = Release|Any CPU
		{7D586306-0EDA-4896-9DAD-F1902C94607E}.Release|x86.Build.0 = Release|Any CPU
		{FDA188C1-3BEC-412B-8B0D-D6F40CDA130D}.Debug|Any CPU.ActiveCfg = Debug|Any CPU
		{FDA188C1-3BEC-412B-8B0D-D6F40CDA130D}.Debug|Any CPU.Build.0 = Debug|Any CPU
		{FDA188C1-3BEC-412B-8B0D-D6F40CDA130D}.Debug|x64.ActiveCfg = Debug|Any CPU
		{FDA188C1-3BEC-412B-8B0D-D6F40CDA130D}.Debug|x64.Build.0 = Debug|Any CPU
		{FDA188C1-3BEC-412B-8B0D-D6F40CDA130D}.Debug|x86.ActiveCfg = Debug|Any CPU
		{FDA188C1-3BEC-412B-8B0D-D6F40CDA130D}.Debug|x86.Build.0 = Debug|Any CPU
		{FDA188C1-3BEC-412B-8B0D-D6F40CDA130D}.Release|Any CPU.ActiveCfg = Release|Any CPU
		{FDA188C1-3BEC-412B-8B0D-D6F40CDA130D}.Release|Any CPU.Build.0 = Release|Any CPU
		{FDA188C1-3BEC-412B-8B0D-D6F40CDA130D}.Release|x64.ActiveCfg = Release|Any CPU
		{FDA188C1-3BEC-412B-8B0D-D6F40CDA130D}.Release|x64.Build.0 = Release|Any CPU
		{FDA188C1-3BEC-412B-8B0D-D6F40CDA130D}.Release|x86.ActiveCfg = Release|Any CPU
		{FDA188C1-3BEC-412B-8B0D-D6F40CDA130D}.Release|x86.Build.0 = Release|Any CPU
		{ADA0C84C-C970-4B0A-A345-03AFCB634776}.Debug|Any CPU.ActiveCfg = Debug|Any CPU
		{ADA0C84C-C970-4B0A-A345-03AFCB634776}.Debug|Any CPU.Build.0 = Debug|Any CPU
		{ADA0C84C-C970-4B0A-A345-03AFCB634776}.Debug|x64.ActiveCfg = Debug|Any CPU
		{ADA0C84C-C970-4B0A-A345-03AFCB634776}.Debug|x64.Build.0 = Debug|Any CPU
		{ADA0C84C-C970-4B0A-A345-03AFCB634776}.Debug|x86.ActiveCfg = Debug|Any CPU
		{ADA0C84C-C970-4B0A-A345-03AFCB634776}.Debug|x86.Build.0 = Debug|Any CPU
		{ADA0C84C-C970-4B0A-A345-03AFCB634776}.Release|Any CPU.ActiveCfg = Release|Any CPU
		{ADA0C84C-C970-4B0A-A345-03AFCB634776}.Release|Any CPU.Build.0 = Release|Any CPU
		{ADA0C84C-C970-4B0A-A345-03AFCB634776}.Release|x64.ActiveCfg = Release|Any CPU
		{ADA0C84C-C970-4B0A-A345-03AFCB634776}.Release|x64.Build.0 = Release|Any CPU
		{ADA0C84C-C970-4B0A-A345-03AFCB634776}.Release|x86.ActiveCfg = Release|Any CPU
		{ADA0C84C-C970-4B0A-A345-03AFCB634776}.Release|x86.Build.0 = Release|Any CPU
	EndGlobalSection
	GlobalSection(SolutionProperties) = preSolution
		HideSolutionNode = FALSE
	EndGlobalSection
	GlobalSection(NestedProjects) = preSolution
		{F9192FBB-5816-9A24-F957-ECAC297676D9} = {07C2787E-EAC7-C090-1BA3-A61EC2A24D84}
		{ADA0C84C-C970-4B0A-A345-03AFCB634776} = {F9192FBB-5816-9A24-F957-ECAC297676D9}
	EndGlobalSection
	GlobalSection(ExtensibilityGlobals) = postSolution
		SolutionGuid = {2CC1C94E-265D-41D4-924C-388A9229BBC7}
	EndGlobalSection
EndGlobal
